
Microsoft Visual Studio Solution File, Format Version 12.00
# Visual Studio Version 16
VisualStudioVersion = 16.0.32413.511
MinimumVisualStudioVersion = 10.0.40219.1
Project("{FAE04EC0-301F-11D3-BF4B-00C04F79EFBC}") = "Capstone", "Capstone.csproj", "{1B067A51-6A88-4873-A186-F0E5B7972ADE}"
EndProject
Global
	GlobalSection(SolutionConfigurationPlatforms) = preSolution
		Debug|Any CPU = Debug|Any CPU
		Release|Any CPU = Release|Any CPU
	EndGlobalSection
	GlobalSection(ProjectConfigurationPlatforms) = postSolution
		{1B067A51-6A88-4873-A186-F0E5B7972ADE}.Debug|Any CPU.ActiveCfg = Debug|Any CPU
		{1B067A51-6A88-4873-A186-F0E5B7972ADE}.Debug|Any CPU.Build.0 = Debug|Any CPU
		{1B067A51-6A88-4873-A186-F0E5B7972ADE}.Release|Any CPU.ActiveCfg = Release|Any CPU
		{1B067A51-6A88-4873-A186-F0E5B7972ADE}.Release|Any CPU.Build.0 = Release|Any CPU
	EndGlobalSection
	GlobalSection(SolutionProperties) = preSolution
		HideSolutionNode = FALSE
	EndGlobalSection
	GlobalSection(ExtensibilityGlobals) = postSolution
		SolutionGuid = {D842BDAE-5A7D-48AA-9ABE-4E938E8967F0}
	EndGlobalSection
EndGlobal
